{
  "name": "@pylonide/vfs-http-adapter",
  "version": "0.5.0",
  "lockfileVersion": 3,
  "requires": true,
  "packages": {
    "": {
      "name": "@pylonide/vfs-http-adapter",
      "version": "0.5.0",
      "license": "MIT",
      "devDependencies": {},
      "engines": {
        "node": ">= 14.21.1"
      }
    }
  }
}
