{
  "name": "@pylonide/vfs-http-adapter",
  "version": "0.6.0",
  "lockfileVersion": 3,
  "requires": true,
  "packages": {
    "": {
      "name": "@pylonide/vfs-http-adapter",
      "version": "0.6.0",
      "license": "MIT",
      "devDependencies": {},
      "engines": {
        "node": ">= 18.18.2"
      }
    }
  }
}
